// !$*UTF8*$!
{
	archiveVersion = 1;
	classes = {
	};
	objectVersion = 48;
	objects = {

/* Begin PBXBuildFile section */
		DB708D6F7447FAB1598FF51B /* Pods_OBD_II_wifi.framework in Frameworks */ = {isa = PBXBuildFile; fileRef = 871DFDB8D35183A4E99C8FEA /* Pods_OBD_II_wifi.framework */; };
		FABEC2FD1F8FC61600B14A90 /* OBDCommandEnum.swift in Sources */ = {isa = PBXBuildFile; fileRef = FABEC2FC1F8FC61600B14A90 /* OBDCommandEnum.swift */; };
		FACF5B6D1F894FE500A8F438 /* OBDUtils.swift in Sources */ = {isa = PBXBuildFile; fileRef = FACF5B6C1F894FE500A8F438 /* OBDUtils.swift */; };
		FACFD34D1F894188004F8707 /* AppDelegate.swift in Sources */ = {isa = PBXBuildFile; fileRef = FACFD34C1F894188004F8707 /* AppDelegate.swift */; };
		FACFD34F1F894188004F8707 /* ViewController.swift in Sources */ = {isa = PBXBuildFile; fileRef = FACFD34E1F894188004F8707 /* ViewController.swift */; };
		FACFD3521F894188004F8707 /* Main.storyboard in Resources */ = {isa = PBXBuildFile; fileRef = FACFD3501F894188004F8707 /* Main.storyboard */; };
		FACFD3541F894188004F8707 /* Assets.xcassets in Resources */ = {isa = PBXBuildFile; fileRef = FACFD3531F894188004F8707 /* Assets.xcassets */; };
		FACFD3571F894188004F8707 /* LaunchScreen.storyboard in Resources */ = {isa = PBXBuildFile; fileRef = FACFD3551F894188004F8707 /* LaunchScreen.storyboard */; };
/* End PBXBuildFile section */

/* Begin PBXFileReference section */
		7CFAA76BF42058E50351C14A /* Pods-OBD II wifi.release.xcconfig */ = {isa = PBXFileReference; includeInIndex = 1; lastKnownFileType = text.xcconfig; name = "Pods-OBD II wifi.release.xcconfig"; path = "Pods/Target Support Files/Pods-OBD II wifi/Pods-OBD II wifi.release.xcconfig"; sourceTree = "<group>"; };
		871DFDB8D35183A4E99C8FEA /* Pods_OBD_II_wifi.framework */ = {isa = PBXFileReference; explicitFileType = wrapper.framework; includeInIndex = 0; path = Pods_OBD_II_wifi.framework; sourceTree = BUILT_PRODUCTS_DIR; };
		F46BCAED09DDD2871104000E /* Pods-OBD II wifi.debug.xcconfig */ = {isa = PBXFileReference; includeInIndex = 1; lastKnownFileType = text.xcconfig; name = "Pods-OBD II wifi.debug.xcconfig"; path = "Pods/Target Support Files/Pods-OBD II wifi/Pods-OBD II wifi.debug.xcconfig"; sourceTree = "<group>"; };
		FABEC2FC1F8FC61600B14A90 /* OBDCommandEnum.swift */ = {isa = PBXFileReference; lastKnownFileType = sourcecode.swift; path = OBDCommandEnum.swift; sourceTree = "<group>"; };
		FACF5B6C1F894FE500A8F438 /* OBDUtils.swift */ = {isa = PBXFileReference; lastKnownFileType = sourcecode.swift; path = OBDUtils.swift; sourceTree = "<group>"; };
		FACFD3491F894188004F8707 /* OBD II wifi.app */ = {isa = PBXFileReference; explicitFileType = wrapper.application; includeInIndex = 0; path = "OBD II wifi.app"; sourceTree = BUILT_PRODUCTS_DIR; };
		FACFD34C1F894188004F8707 /* AppDelegate.swift */ = {isa = PBXFileReference; lastKnownFileType = sourcecode.swift; path = AppDelegate.swift; sourceTree = "<group>"; };
		FACFD34E1F894188004F8707 /* ViewController.swift */ = {isa = PBXFileReference; lastKnownFileType = sourcecode.swift; path = ViewController.swift; sourceTree = "<group>"; };
		FACFD3511F894188004F8707 /* Base */ = {isa = PBXFileReference; lastKnownFileType = file.storyboard; name = Base; path = Base.lproj/Main.storyboard; sourceTree = "<group>"; };
		FACFD3531F894188004F8707 /* Assets.xcassets */ = {isa = PBXFileReference; lastKnownFileType = folder.assetcatalog; path = Assets.xcassets; sourceTree = "<group>"; };
		FACFD3561F894188004F8707 /* Base */ = {isa = PBXFileReference; lastKnownFileType = file.storyboard; name = Base; path = Base.lproj/LaunchScreen.storyboard; sourceTree = "<group>"; };
		FACFD3581F894188004F8707 /* Info.plist */ = {isa = PBXFileReference; lastKnownFileType = text.plist.xml; path = Info.plist; sourceTree = "<group>"; };
/* End PBXFileReference section */

/* Begin PBXFrameworksBuildPhase section */
		FACFD3461F894188004F8707 /* Frameworks */ = {
			isa = PBXFrameworksBuildPhase;
			buildActionMask = 2147483647;
			files = (
				DB708D6F7447FAB1598FF51B /* Pods_OBD_II_wifi.framework in Frameworks */,
			);
			runOnlyForDeploymentPostprocessing = 0;
		};
/* End PBXFrameworksBuildPhase section */

/* Begin PBXGroup section */
		406A5107FEC3941DF15F8623 /* Pods */ = {
			isa = PBXGroup;
			children = (
				F46BCAED09DDD2871104000E /* Pods-OBD II wifi.debug.xcconfig */,
				7CFAA76BF42058E50351C14A /* Pods-OBD II wifi.release.xcconfig */,
			);
			name = Pods;
			sourceTree = "<group>";
		};
		4ABC34A387DD6CFCDE719B74 /* Frameworks */ = {
			isa = PBXGroup;
			children = (
				871DFDB8D35183A4E99C8FEA /* Pods_OBD_II_wifi.framework */,
			);
			name = Frameworks;
			sourceTree = "<group>";
		};
		FACF5B6B1F894FB200A8F438 /* OBDUtils */ = {
			isa = PBXGroup;
			children = (
				FACF5B6C1F894FE500A8F438 /* OBDUtils.swift */,
				FABEC2FC1F8FC61600B14A90 /* OBDCommandEnum.swift */,
			);
			path = OBDUtils;
			sourceTree = "<group>";
		};
		FACFD3401F894188004F8707 = {
			isa = PBXGroup;
			children = (
				FACFD34B1F894188004F8707 /* OBD II wifi */,
				FACFD34A1F894188004F8707 /* Products */,
				406A5107FEC3941DF15F8623 /* Pods */,
				4ABC34A387DD6CFCDE719B74 /* Frameworks */,
			);
			sourceTree = "<group>";
		};
		FACFD34A1F894188004F8707 /* Products */ = {
			isa = PBXGroup;
			children = (
				FACFD3491F894188004F8707 /* OBD II wifi.app */,
			);
			name = Products;
			sourceTree = "<group>";
		};
		FACFD34B1F894188004F8707 /* OBD II wifi */ = {
			isa = PBXGroup;
			children = (
				FACF5B6B1F894FB200A8F438 /* OBDUtils */,
				FACFD34C1F894188004F8707 /* AppDelegate.swift */,
				FACFD34E1F894188004F8707 /* ViewController.swift */,
				FACFD3501F894188004F8707 /* Main.storyboard */,
				FACFD3531F894188004F8707 /* Assets.xcassets */,
				FACFD3551F894188004F8707 /* LaunchScreen.storyboard */,
				FACFD3581F894188004F8707 /* Info.plist */,
			);
			path = "OBD II wifi";
			sourceTree = "<group>";
		};
/* End PBXGroup section */

/* Begin PBXNativeTarget section */
		FACFD3481F894188004F8707 /* OBD II wifi */ = {
			isa = PBXNativeTarget;
			buildConfigurationList = FACFD35B1F894188004F8707 /* Build configuration list for PBXNativeTarget "OBD II wifi" */;
			buildPhases = (
				2C81D4FF199A8B5BBC89E7A4 /* [CP] Check Pods Manifest.lock */,
				FACFD3451F894188004F8707 /* Sources */,
				FACFD3461F894188004F8707 /* Frameworks */,
				FACFD3471F894188004F8707 /* Resources */,
				05D3A97D0F44A2E7DE1187AB /* [CP] Embed Pods Frameworks */,
				8574F3078014203C970131D0 /* [CP] Copy Pods Resources */,
			);
			buildRules = (
			);
			dependencies = (
			);
			name = "OBD II wifi";
			productName = "OBD II wifi";
			productReference = FACFD3491F894188004F8707 /* OBD II wifi.app */;
			productType = "com.apple.product-type.application";
		};
/* End PBXNativeTarget section */

/* Begin PBXProject section */
		FACFD3411F894188004F8707 /* Project object */ = {
			isa = PBXProject;
			attributes = {
				LastSwiftUpdateCheck = 0900;
				LastUpgradeCheck = 0900;
				ORGANIZATIONNAME = "MacBook Pro";
				TargetAttributes = {
					FACFD3481F894188004F8707 = {
						CreatedOnToolsVersion = 9.0;
						ProvisioningStyle = Automatic;
					};
				};
			};
			buildConfigurationList = FACFD3441F894188004F8707 /* Build configuration list for PBXProject "OBD II wifi" */;
			compatibilityVersion = "Xcode 8.0";
			developmentRegion = en;
			hasScannedForEncodings = 0;
			knownRegions = (
				en,
				Base,
			);
			mainGroup = FACFD3401F894188004F8707;
			productRefGroup = FACFD34A1F894188004F8707 /* Products */;
			projectDirPath = "";
			projectRoot = "";
			targets = (
				FACFD3481F894188004F8707 /* OBD II wifi */,
			);
		};
/* End PBXProject section */

/* Begin PBXResourcesBuildPhase section */
		FACFD3471F894188004F8707 /* Resources */ = {
			isa = PBXResourcesBuildPhase;
			buildActionMask = 2147483647;
			files = (
				FACFD3571F894188004F8707 /* LaunchScreen.storyboard in Resources */,
				FACFD3541F894188004F8707 /* Assets.xcassets in Resources */,
				FACFD3521F894188004F8707 /* Main.storyboard in Resources */,
			);
			runOnlyForDeploymentPostprocessing = 0;
		};
/* End PBXResourcesBuildPhase section */

/* Begin PBXShellScriptBuildPhase section */
		05D3A97D0F44A2E7DE1187AB /* [CP] Embed Pods Frameworks */ = {
			isa = PBXShellScriptBuildPhase;
			buildActionMask = 2147483647;
			files = (
			);
			inputPaths = (
				"${SRCROOT}/Pods/Target Support Files/Pods-OBD II wifi/Pods-OBD II wifi-frameworks.sh",
				"${BUILT_PRODUCTS_DIR}/OBD2Connect/OBD2Connect.framework",
			);
			name = "[CP] Embed Pods Frameworks";
			outputPaths = (
				"${TARGET_BUILD_DIR}/${FRAMEWORKS_FOLDER_PATH}/OBD2Connect.framework",
			);
			runOnlyForDeploymentPostprocessing = 0;
			shellPath = /bin/sh;
			shellScript = "\"${SRCROOT}/Pods/Target Support Files/Pods-OBD II wifi/Pods-OBD II wifi-frameworks.sh\"\n";
			showEnvVarsInLog = 0;
		};
		2C81D4FF199A8B5BBC89E7A4 /* [CP] Check Pods Manifest.lock */ = {
			isa = PBXShellScriptBuildPhase;
			buildActionMask = 2147483647;
			files = (
			);
			inputPaths = (
				"${PODS_PODFILE_DIR_PATH}/Podfile.lock",
				"${PODS_ROOT}/Manifest.lock",
			);
			name = "[CP] Check Pods Manifest.lock";
			outputPaths = (
				"$(DERIVED_FILE_DIR)/Pods-OBD II wifi-checkManifestLockResult.txt",
			);
			runOnlyForDeploymentPostprocessing = 0;
			shellPath = /bin/sh;
			shellScript = "diff \"${PODS_PODFILE_DIR_PATH}/Podfile.lock\" \"${PODS_ROOT}/Manifest.lock\" > /dev/null\nif [ $? != 0 ] ; then\n    # print error to STDERR\n    echo \"error: The sandbox is not in sync with the Podfile.lock. Run 'pod install' or update your CocoaPods installation.\" >&2\n    exit 1\nfi\n# This output is used by Xcode 'outputs' to avoid re-running this script phase.\necho \"SUCCESS\" > \"${SCRIPT_OUTPUT_FILE_0}\"\n";
			showEnvVarsInLog = 0;
		};
		8574F3078014203C970131D0 /* [CP] Copy Pods Resources */ = {
			isa = PBXShellScriptBuildPhase;
			buildActionMask = 2147483647;
			files = (
			);
			inputPaths = (
			);
			name = "[CP] Copy Pods Resources";
			outputPaths = (
			);
			runOnlyForDeploymentPostprocessing = 0;
			shellPath = /bin/sh;
			shellScript = "\"${SRCROOT}/Pods/Target Support Files/Pods-OBD II wifi/Pods-OBD II wifi-resources.sh\"\n";
			showEnvVarsInLog = 0;
		};
/* End PBXShellScriptBuildPhase section */

/* Begin PBXSourcesBuildPhase section */
		FACFD3451F894188004F8707 /* Sources */ = {
			isa = PBXSourcesBuildPhase;
			buildActionMask = 2147483647;
			files = (
				FABEC2FD1F8FC61600B14A90 /* OBDCommandEnum.swift in Sources */,
				FACF5B6D1F894FE500A8F438 /* OBDUtils.swift in Sources */,
				FACFD34F1F894188004F8707 /* ViewController.swift in Sources */,
				FACFD34D1F894188004F8707 /* AppDelegate.swift in Sources */,
			);
			runOnlyForDeploymentPostprocessing = 0;
		};
/* End PBXSourcesBuildPhase section */

/* Begin PBXVariantGroup section */
		FACFD3501F894188004F8707 /* Main.storyboard */ = {
			isa = PBXVariantGroup;
			children = (
				FACFD3511F894188004F8707 /* Base */,
			);
			name = Main.storyboard;
			sourceTree = "<group>";
		};
		FACFD3551F894188004F8707 /* LaunchScreen.storyboard */ = {
			isa = PBXVariantGroup;
			children = (
				FACFD3561F894188004F8707 /* Base */,
			);
			name = LaunchScreen.storyboard;
			sourceTree = "<group>";
		};
/* End PBXVariantGroup section */

/* Begin XCBuildConfiguration section */
		FACFD3591F894188004F8707 /* Debug */ = {
			isa = XCBuildConfiguration;
			buildSettings = {
				ALWAYS_SEARCH_USER_PATHS = NO;
				CLANG_ANALYZER_NONNULL = YES;
				CLANG_ANALYZER_NUMBER_OBJECT_CONVERSION = YES_AGGRESSIVE;
				CLANG_CXX_LANGUAGE_STANDARD = "gnu++14";
				CLANG_CXX_LIBRARY = "libc++";
				CLANG_ENABLE_MODULES = YES;
				CLANG_ENABLE_OBJC_ARC = YES;
				CLANG_WARN_BLOCK_CAPTURE_AUTORELEASING = YES;
				CLANG_WARN_BOOL_CONVERSION = YES;
				CLANG_WARN_COMMA = YES;
				CLANG_WARN_CONSTANT_CONVERSION = YES;
				CLANG_WARN_DIRECT_OBJC_ISA_USAGE = YES_ERROR;
				CLANG_WARN_DOCUMENTATION_COMMENTS = YES;
				CLANG_WARN_EMPTY_BODY = YES;
				CLANG_WARN_ENUM_CONVERSION = YES;
				CLANG_WARN_INFINITE_RECURSION = YES;
				CLANG_WARN_INT_CONVERSION = YES;
				CLANG_WARN_NON_LITERAL_NULL_CONVERSION = YES;
				CLANG_WARN_OBJC_LITERAL_CONVERSION = YES;
				CLANG_WARN_OBJC_ROOT_CLASS = YES_ERROR;
				CLANG_WARN_RANGE_LOOP_ANALYSIS = YES;
				CLANG_WARN_STRICT_PROTOTYPES = YES;
				CLANG_WARN_SUSPICIOUS_MOVE = YES;
				CLANG_WARN_UNGUARDED_AVAILABILITY = YES_AGGRESSIVE;
				CLANG_WARN_UNREACHABLE_CODE = YES;
				CLANG_WARN__DUPLICATE_METHOD_MATCH = YES;
				CODE_SIGN_IDENTITY = "iPhone Developer";
				COPY_PHASE_STRIP = NO;
				DEBUG_INFORMATION_FORMAT = dwarf;
				ENABLE_STRICT_OBJC_MSGSEND = YES;
				ENABLE_TESTABILITY = YES;
				GCC_C_LANGUAGE_STANDARD = gnu11;
				GCC_DYNAMIC_NO_PIC = NO;
				GCC_NO_COMMON_BLOCKS = YES;
				GCC_OPTIMIZATION_LEVEL = 0;
				GCC_PREPROCESSOR_DEFINITIONS = (
					"DEBUG=1",
					"$(inherited)",
				);
				GCC_WARN_64_TO_32_BIT_CONVERSION = YES;
				GCC_WARN_ABOUT_RETURN_TYPE = YES_ERROR;
				GCC_WARN_UNDECLARED_SELECTOR = YES;
				GCC_WARN_UNINITIALIZED_AUTOS = YES_AGGRESSIVE;
				GCC_WARN_UNUSED_FUNCTION = YES;
				GCC_WARN_UNUSED_VARIABLE = YES;
				IPHONEOS_DEPLOYMENT_TARGET = 11.0;
				MTL_ENABLE_DEBUG_INFO = YES;
				ONLY_ACTIVE_ARCH = YES;
				SDKROOT = iphoneos;
				SWIFT_ACTIVE_COMPILATION_CONDITIONS = DEBUG;
				SWIFT_OPTIMIZATION_LEVEL = "-Onone";
			};
			name = Debug;
		};
		FACFD35A1F894188004F8707 /* Release */ = {
			isa = XCBuildConfiguration;
			buildSettings = {
				ALWAYS_SEARCH_USER_PATHS = NO;
				CLANG_ANALYZER_NONNULL = YES;
				CLANG_ANALYZER_NUMBER_OBJECT_CONVERSION = YES_AGGRESSIVE;
				CLANG_CXX_LANGUAGE_STANDARD = "gnu++14";
				CLANG_CXX_LIBRARY = "libc++";
				CLANG_ENABLE_MODULES = YES;
				CLANG_ENABLE_OBJC_ARC = YES;
				CLANG_WARN_BLOCK_CAPTURE_AUTORELEASING = YES;
				CLANG_WARN_BOOL_CONVERSION = YES;
				CLANG_WARN_COMMA = YES;
				CLANG_WARN_CONSTANT_CONVERSION = YES;
				CLANG_WARN_DIRECT_OBJC_ISA_USAGE = YES_ERROR;
				CLANG_WARN_DOCUMENTATION_COMMENTS = YES;
				CLANG_WARN_EMPTY_BODY = YES;
				CLANG_WARN_ENUM_CONVERSION = YES;
				CLANG_WARN_INFINITE_RECURSION = YES;
				CLANG_WARN_INT_CONVERSION = YES;
				CLANG_WARN_NON_LITERAL_NULL_CONVERSION = YES;
				CLANG_WARN_OBJC_LITERAL_CONVERSION = YES;
				CLANG_WARN_OBJC_ROOT_CLASS = YES_ERROR;
				CLANG_WARN_RANGE_LOOP_ANALYSIS = YES;
				CLANG_WARN_STRICT_PROTOTYPES = YES;
				CLANG_WARN_SUSPICIOUS_MOVE = YES;
				CLANG_WARN_UNGUARDED_AVAILABILITY = YES_AGGRESSIVE;
				CLANG_WARN_UNREACHABLE_CODE = YES;
				CLANG_WARN__DUPLICATE_METHOD_MATCH = YES;
				CODE_SIGN_IDENTITY = "iPhone Developer";
				COPY_PHASE_STRIP = NO;
				DEBUG_INFORMATION_FORMAT = "dwarf-with-dsym";
				ENABLE_NS_ASSERTIONS = NO;
				ENABLE_STRICT_OBJC_MSGSEND = YES;
				GCC_C_LANGUAGE_STANDARD = gnu11;
				GCC_NO_COMMON_BLOCKS = YES;
				GCC_WARN_64_TO_32_BIT_CONVERSION = YES;
				GCC_WARN_ABOUT_RETURN_TYPE = YES_ERROR;
				GCC_WARN_UNDECLARED_SELECTOR = YES;
				GCC_WARN_UNINITIALIZED_AUTOS = YES_AGGRESSIVE;
				GCC_WARN_UNUSED_FUNCTION = YES;
				GCC_WARN_UNUSED_VARIABLE = YES;
				IPHONEOS_DEPLOYMENT_TARGET = 11.0;
				MTL_ENABLE_DEBUG_INFO = NO;
				SDKROOT = iphoneos;
				SWIFT_OPTIMIZATION_LEVEL = "-Owholemodule";
				VALIDATE_PRODUCT = YES;
			};
			name = Release;
		};
		FACFD35C1F894188004F8707 /* Debug */ = {
			isa = XCBuildConfiguration;
			baseConfigurationReference = F46BCAED09DDD2871104000E /* Pods-OBD II wifi.debug.xcconfig */;
			buildSettings = {
				ASSETCATALOG_COMPILER_APPICON_NAME = AppIcon;
				CODE_SIGN_STYLE = Automatic;
				DEVELOPMENT_TEAM = PD4SP5G3U8;
				INFOPLIST_FILE = "OBD II wifi/Info.plist";
				IPHONEOS_DEPLOYMENT_TARGET = 9.1;
				LD_RUNPATH_SEARCH_PATHS = "$(inherited) @executable_path/Frameworks";
				PRODUCT_BUNDLE_IDENTIFIER = lucas.bicca.obdii.wifi;
				PRODUCT_NAME = "$(TARGET_NAME)";
				SWIFT_VERSION = 4.0;
				TARGETED_DEVICE_FAMILY = "1,2";
			};
			name = Debug;
		};
		FACFD35D1F894188004F8707 /* Release */ = {
			isa = XCBuildConfiguration;
			baseConfigurationReference = 7CFAA76BF42058E50351C14A /* Pods-OBD II wifi.release.xcconfig */;
			buildSettings = {
				ASSETCATALOG_COMPILER_APPICON_NAME = AppIcon;
				CODE_SIGN_STYLE = Automatic;
				DEVELOPMENT_TEAM = PD4SP5G3U8;
				INFOPLIST_FILE = "OBD II wifi/Info.plist";
				IPHONEOS_DEPLOYMENT_TARGET = 9.1;
				LD_RUNPATH_SEARCH_PATHS = "$(inherited) @executable_path/Frameworks";
				PRODUCT_BUNDLE_IDENTIFIER = lucas.bicca.obdii.wifi;
				PRODUCT_NAME = "$(TARGET_NAME)";
				SWIFT_VERSION = 4.0;
				TARGETED_DEVICE_FAMILY = "1,2";
			};
			name = Release;
		};
/* End XCBuildConfiguration section */

/* Begin XCConfigurationList section */
		FACFD3441F894188004F8707 /* Build configuration list for PBXProject "OBD II wifi" */ = {
			isa = XCConfigurationList;
			buildConfigurations = (
				FACFD3591F894188004F8707 /* Debug */,
				FACFD35A1F894188004F8707 /* Release */,
			);
			defaultConfigurationIsVisible = 0;
			defaultConfigurationName = Release;
		};
		FACFD35B1F894188004F8707 /* Build configuration list for PBXNativeTarget "OBD II wifi" */ = {
			isa = XCConfigurationList;
			buildConfigurations = (
				FACFD35C1F894188004F8707 /* Debug */,
				FACFD35D1F894188004F8707 /* Release */,
			);
			defaultConfigurationIsVisible = 0;
			defaultConfigurationName = Release;
		};
/* End XCConfigurationList section */
	};
	rootObject = FACFD3411F894188004F8707 /* Project object */;
}
